
Microsoft Visual Studio Solution File, Format Version 12.00
# Visual Studio Version 17
VisualStudioVersion = 17.14.37203.1 d17.14
MinimumVisualStudioVersion = 10.0.40219.1
Project("{8BC9CEB8-8B4A-11D0-8D11-00A0C91BC942}") = "DemoApp", "DemoApp\DemoApp.vcxproj", "{83A11E5E-E256-4F33-93A7-C11E4FFE9930}"
EndProject
Project("{8BC9CEB8-8B4A-11D0-8D11-00A0C91BC942}") = "AlgorithmsLib", "AlgorithmsLib\AlgorithmsLib.vcxproj", "{BD2EC65D-89D8-4F0D-889D-9D61122A5AE4}"
EndProject
Global
	GlobalSection(SolutionConfigurationPlatforms) = preSolution
		Debug|x64 = Debug|x64
		Debug|x86 = Debug|x86
		Release|x64 = Release|x64
		Release|x86 = Release|x86
	EndGlobalSection
	GlobalSection(ProjectConfigurationPlatforms) = postSolution
		{83A11E5E-E256-4F33-93A7-C11E4FFE9930}.Debug|x64.ActiveCfg = Debug|x64
		{83A11E5E-E256-4F33-93A7-C11E4FFE9930}.Debug|x64.Build.0 = Debug|x64
		{83A11E5E-E256-4F33-93A7-C11E4FFE9930}.Debug|x86.ActiveCfg = Debug|Win32
		{83A11E5E-E256-4F33-93A7-C11E4FFE9930}.Debug|x86.Build.0 = Debug|Win32
		{83A11E5E-E256-4F33-93A7-C11E4FFE9930}.Release|x64.ActiveCfg = Release|x64
		{83A11E5E-E256-4F33-93A7-C11E4FFE9930}.Release|x64.Build.0 = Release|x64
		{83A11E5E-E256-4F33-93A7-C11E4FFE9930}.Release|x86.ActiveCfg = Release|Win32
		{83A11E5E-E256-4F33-93A7-C11E4FFE9930}.Release|x86.Build.0 = Release|Win32
		{BD2EC65D-89D8-4F0D-889D-9D61122A5AE4}.Debug|x64.ActiveCfg = Debug|x64
		{BD2EC65D-89D8-4F0D-889D-9D61122A5AE4}.Debug|x64.Build.0 = Debug|x64
		{BD2EC65D-89D8-4F0D-889D-9D61122A5AE4}.Debug|x86.ActiveCfg = Debug|Win32
		{BD2EC65D-89D8-4F0D-889D-9D61122A5AE4}.Debug|x86.Build.0 = Debug|Win32
		{BD2EC65D-89D8-4F0D-889D-9D61122A5AE4}.Release|x64.ActiveCfg = Release|x64
		{BD2EC65D-89D8-4F0D-889D-9D61122A5AE4}.Release|x64.Build.0 = Release|x64
		{BD2EC65D-89D8-4F0D-889D-9D61122A5AE4}.Release|x86.ActiveCfg = Release|Win32
		{BD2EC65D-89D8-4F0D-889D-9D61122A5AE4}.Release|x86.Build.0 = Release|Win32
	EndGlobalSection
	GlobalSection(SolutionProperties) = preSolution
		HideSolutionNode = FALSE
	EndGlobalSection
	GlobalSection(ExtensibilityGlobals) = postSolution
		SolutionGuid = {94F5E6E9-D6A9-488D-8A10-B89F6DB5CB44}
	EndGlobalSection
EndGlobal
